// !$*UTF8*$!
{
	archiveVersion = 1;
	classes = {
	};
	objectVersion = 56;
	objects = {

/* Begin PBXBuildFile section */
		A934EC932C2F1432000D9BA3 /* SerenedipityApp.swift in Sources */ = {isa = PBXBuildFile; fileRef = A934EC922C2F1432000D9BA3 /* SerenedipityApp.swift */; };
		A934EC952C2F1432000D9BA3 /* Home.swift in Sources */ = {isa = PBXBuildFile; fileRef = A934EC942C2F1432000D9BA3 /* Home.swift */; };
		A934EC972C2F1434000D9BA3 /* Assets.xcassets in Resources */ = {isa = PBXBuildFile; fileRef = A934EC962C2F1434000D9BA3 /* Assets.xcassets */; };
		A934EC9A2C2F1434000D9BA3 /* Preview Assets.xcassets in Resources */ = {isa = PBXBuildFile; fileRef = A934EC992C2F1434000D9BA3 /* Preview Assets.xcassets */; };
		A934ECA12C3100D1000D9BA3 /* Profile.swift in Sources */ = {isa = PBXBuildFile; fileRef = A934ECA02C3100D1000D9BA3 /* Profile.swift */; };
		A934ECA32C31012E000D9BA3 /* History.swift in Sources */ = {isa = PBXBuildFile; fileRef = A934ECA22C31012E000D9BA3 /* History.swift */; };
		A934ECA72C310936000D9BA3 /* PromptCircle.swift in Sources */ = {isa = PBXBuildFile; fileRef = A934ECA62C310936000D9BA3 /* PromptCircle.swift */; };
		A934ECA92C310E34000D9BA3 /* Moment.swift in Sources */ = {isa = PBXBuildFile; fileRef = A934ECA82C310E34000D9BA3 /* Moment.swift */; };
		A934ECAB2C3118D1000D9BA3 /* MomentData.swift in Sources */ = {isa = PBXBuildFile; fileRef = A934ECAA2C3118D1000D9BA3 /* MomentData.swift */; };
		A9CE23572C31CEB60014F361 /* ContentView.swift in Sources */ = {isa = PBXBuildFile; fileRef = A9CE23562C31CEB60014F361 /* ContentView.swift */; };
		A9CE23592C31D5A70014F361 /* MomentList.swift in Sources */ = {isa = PBXBuildFile; fileRef = A9CE23582C31D5A70014F361 /* MomentList.swift */; };
		A9CE235B2C3F24140014F361 /* MomentDisplay.swift in Sources */ = {isa = PBXBuildFile; fileRef = A9CE235A2C3F24140014F361 /* MomentDisplay.swift */; };
		A9CE235D2C48633C0014F361 /* MomentEditor.swift in Sources */ = {isa = PBXBuildFile; fileRef = A9CE235C2C48633C0014F361 /* MomentEditor.swift */; };
		A9CE23612C4D88C60014F361 /* DataModel.swift in Sources */ = {isa = PBXBuildFile; fileRef = A9CE23602C4D88C60014F361 /* DataModel.swift */; };
		A9CE23632C4EEA7A0014F361 /* Camera.swift in Sources */ = {isa = PBXBuildFile; fileRef = A9CE23622C4EEA7A0014F361 /* Camera.swift */; };
		A9CE23672C4EF8720014F361 /* MomentCapturer.swift in Sources */ = {isa = PBXBuildFile; fileRef = A9CE23662C4EF8720014F361 /* MomentCapturer.swift */; };
/* End PBXBuildFile section */

/* Begin PBXFileReference section */
		A934EC8F2C2F1432000D9BA3 /* serenedipity-0.app */ = {isa = PBXFileReference; explicitFileType = wrapper.application; includeInIndex = 0; path = "serenedipity-0.app"; sourceTree = BUILT_PRODUCTS_DIR; };
		A934EC922C2F1432000D9BA3 /* SerenedipityApp.swift */ = {isa = PBXFileReference; lastKnownFileType = sourcecode.swift; path = SerenedipityApp.swift; sourceTree = "<group>"; };
		A934EC942C2F1432000D9BA3 /* Home.swift */ = {isa = PBXFileReference; lastKnownFileType = sourcecode.swift; path = Home.swift; sourceTree = "<group>"; };
		A934EC962C2F1434000D9BA3 /* Assets.xcassets */ = {isa = PBXFileReference; lastKnownFileType = folder.assetcatalog; path = Assets.xcassets; sourceTree = "<group>"; };
		A934EC992C2F1434000D9BA3 /* Preview Assets.xcassets */ = {isa = PBXFileReference; lastKnownFileType = folder.assetcatalog; path = "Preview Assets.xcassets"; sourceTree = "<group>"; };
		A934ECA02C3100D1000D9BA3 /* Profile.swift */ = {isa = PBXFileReference; lastKnownFileType = sourcecode.swift; path = Profile.swift; sourceTree = "<group>"; };
		A934ECA22C31012E000D9BA3 /* History.swift */ = {isa = PBXFileReference; lastKnownFileType = sourcecode.swift; path = History.swift; sourceTree = SOURCE_ROOT; };
		A934ECA62C310936000D9BA3 /* PromptCircle.swift */ = {isa = PBXFileReference; lastKnownFileType = sourcecode.swift; path = PromptCircle.swift; sourceTree = SOURCE_ROOT; };
		A934ECA82C310E34000D9BA3 /* Moment.swift */ = {isa = PBXFileReference; lastKnownFileType = sourcecode.swift; path = Moment.swift; sourceTree = SOURCE_ROOT; };
		A934ECAA2C3118D1000D9BA3 /* MomentData.swift */ = {isa = PBXFileReference; lastKnownFileType = sourcecode.swift; path = MomentData.swift; sourceTree = SOURCE_ROOT; };
		A9CE23562C31CEB60014F361 /* ContentView.swift */ = {isa = PBXFileReference; lastKnownFileType = sourcecode.swift; path = ContentView.swift; sourceTree = SOURCE_ROOT; };
		A9CE23582C31D5A70014F361 /* MomentList.swift */ = {isa = PBXFileReference; lastKnownFileType = sourcecode.swift; path = MomentList.swift; sourceTree = SOURCE_ROOT; };
		A9CE235A2C3F24140014F361 /* MomentDisplay.swift */ = {isa = PBXFileReference; lastKnownFileType = sourcecode.swift; path = MomentDisplay.swift; sourceTree = SOURCE_ROOT; };
		A9CE235C2C48633C0014F361 /* MomentEditor.swift */ = {isa = PBXFileReference; lastKnownFileType = sourcecode.swift; path = MomentEditor.swift; sourceTree = SOURCE_ROOT; };
		A9CE23602C4D88C60014F361 /* DataModel.swift */ = {isa = PBXFileReference; lastKnownFileType = sourcecode.swift; path = DataModel.swift; sourceTree = SOURCE_ROOT; };
		A9CE23622C4EEA7A0014F361 /* Camera.swift */ = {isa = PBXFileReference; lastKnownFileType = sourcecode.swift; path = Camera.swift; sourceTree = SOURCE_ROOT; };
		A9CE23662C4EF8720014F361 /* MomentCapturer.swift */ = {isa = PBXFileReference; lastKnownFileType = sourcecode.swift; path = MomentCapturer.swift; sourceTree = SOURCE_ROOT; };
/* End PBXFileReference section */

/* Begin PBXFrameworksBuildPhase section */
		A934EC8C2C2F1432000D9BA3 /* Frameworks */ = {
			isa = PBXFrameworksBuildPhase;
			buildActionMask = 2147483647;
			files = (
			);
			runOnlyForDeploymentPostprocessing = 0;
		};
/* End PBXFrameworksBuildPhase section */

/* Begin PBXGroup section */
		A934EC862C2F1432000D9BA3 = {
			isa = PBXGroup;
			children = (
				A934EC912C2F1432000D9BA3 /* serenedipity-0 */,
				A934EC902C2F1432000D9BA3 /* Products */,
			);
			sourceTree = "<group>";
		};
		A934EC902C2F1432000D9BA3 /* Products */ = {
			isa = PBXGroup;
			children = (
				A934EC8F2C2F1432000D9BA3 /* serenedipity-0.app */,
			);
			name = Products;
			sourceTree = "<group>";
		};
		A934EC912C2F1432000D9BA3 /* serenedipity-0 */ = {
			isa = PBXGroup;
			children = (
				A9CE23662C4EF8720014F361 /* MomentCapturer.swift */,
				A9CE23622C4EEA7A0014F361 /* Camera.swift */,
				A9CE23602C4D88C60014F361 /* DataModel.swift */,
				A9CE235C2C48633C0014F361 /* MomentEditor.swift */,
				A9CE235A2C3F24140014F361 /* MomentDisplay.swift */,
				A9CE23582C31D5A70014F361 /* MomentList.swift */,
				A9CE23562C31CEB60014F361 /* ContentView.swift */,
				A934ECAA2C3118D1000D9BA3 /* MomentData.swift */,
				A934ECA82C310E34000D9BA3 /* Moment.swift */,
				A934ECA62C310936000D9BA3 /* PromptCircle.swift */,
				A934ECA22C31012E000D9BA3 /* History.swift */,
				A934EC922C2F1432000D9BA3 /* SerenedipityApp.swift */,
				A934ECA02C3100D1000D9BA3 /* Profile.swift */,
				A934EC942C2F1432000D9BA3 /* Home.swift */,
				A934EC962C2F1434000D9BA3 /* Assets.xcassets */,
				A934EC982C2F1434000D9BA3 /* Preview Content */,
			);
			path = "serenedipity-0";
			sourceTree = "<group>";
		};
		A934EC982C2F1434000D9BA3 /* Preview Content */ = {
			isa = PBXGroup;
			children = (
				A934EC992C2F1434000D9BA3 /* Preview Assets.xcassets */,
			);
			path = "Preview Content";
			sourceTree = "<group>";
		};
/* End PBXGroup section */

/* Begin PBXNativeTarget section */
		A934EC8E2C2F1432000D9BA3 /* serenedipity-0 */ = {
			isa = PBXNativeTarget;
			buildConfigurationList = A934EC9D2C2F1434000D9BA3 /* Build configuration list for PBXNativeTarget "serenedipity-0" */;
			buildPhases = (
				A934EC8B2C2F1432000D9BA3 /* Sources */,
				A934EC8C2C2F1432000D9BA3 /* Frameworks */,
				A934EC8D2C2F1432000D9BA3 /* Resources */,
			);
			buildRules = (
			);
			dependencies = (
			);
			name = "serenedipity-0";
			productName = "serenedipity-0";
			productReference = A934EC8F2C2F1432000D9BA3 /* serenedipity-0.app */;
			productType = "com.apple.product-type.application";
		};
/* End PBXNativeTarget section */

/* Begin PBXProject section */
		A934EC872C2F1432000D9BA3 /* Project object */ = {
			isa = PBXProject;
			attributes = {
				BuildIndependentTargetsInParallel = 1;
				LastSwiftUpdateCheck = 1540;
				LastUpgradeCheck = 1540;
				TargetAttributes = {
					A934EC8E2C2F1432000D9BA3 = {
						CreatedOnToolsVersion = 15.4;
					};
				};
			};
			buildConfigurationList = A934EC8A2C2F1432000D9BA3 /* Build configuration list for PBXProject "serenedipity-0" */;
			compatibilityVersion = "Xcode 14.0";
			developmentRegion = en;
			hasScannedForEncodings = 0;
			knownRegions = (
				en,
				Base,
			);
			mainGroup = A934EC862C2F1432000D9BA3;
			productRefGroup = A934EC902C2F1432000D9BA3 /* Products */;
			projectDirPath = "";
			projectRoot = "";
			targets = (
				A934EC8E2C2F1432000D9BA3 /* serenedipity-0 */,
			);
		};
/* End PBXProject section */

/* Begin PBXResourcesBuildPhase section */
		A934EC8D2C2F1432000D9BA3 /* Resources */ = {
			isa = PBXResourcesBuildPhase;
			buildActionMask = 2147483647;
			files = (
				A934EC9A2C2F1434000D9BA3 /* Preview Assets.xcassets in Resources */,
				A934EC972C2F1434000D9BA3 /* Assets.xcassets in Resources */,
			);
			runOnlyForDeploymentPostprocessing = 0;
		};
/* End PBXResourcesBuildPhase section */

/* Begin PBXSourcesBuildPhase section */
		A934EC8B2C2F1432000D9BA3 /* Sources */ = {
			isa = PBXSourcesBuildPhase;
			buildActionMask = 2147483647;
			files = (
				A934ECA72C310936000D9BA3 /* PromptCircle.swift in Sources */,
				A9CE235D2C48633C0014F361 /* MomentEditor.swift in Sources */,
				A934ECA92C310E34000D9BA3 /* Moment.swift in Sources */,
				A9CE23592C31D5A70014F361 /* MomentList.swift in Sources */,
				A934EC952C2F1432000D9BA3 /* Home.swift in Sources */,
				A934ECA12C3100D1000D9BA3 /* Profile.swift in Sources */,
				A9CE235B2C3F24140014F361 /* MomentDisplay.swift in Sources */,
				A9CE23672C4EF8720014F361 /* MomentCapturer.swift in Sources */,
				A9CE23572C31CEB60014F361 /* ContentView.swift in Sources */,
				A934ECAB2C3118D1000D9BA3 /* MomentData.swift in Sources */,
				A9CE23612C4D88C60014F361 /* DataModel.swift in Sources */,
				A934ECA32C31012E000D9BA3 /* History.swift in Sources */,
				A9CE23632C4EEA7A0014F361 /* Camera.swift in Sources */,
				A934EC932C2F1432000D9BA3 /* SerenedipityApp.swift in Sources */,
			);
			runOnlyForDeploymentPostprocessing = 0;
		};
/* End PBXSourcesBuildPhase section */

/* Begin XCBuildConfiguration section */
		A934EC9B2C2F1434000D9BA3 /* Debug */ = {
			isa = XCBuildConfiguration;
			buildSettings = {
				ALWAYS_SEARCH_USER_PATHS = NO;
				ASSETCATALOG_COMPILER_GENERATE_SWIFT_ASSET_SYMBOL_EXTENSIONS = YES;
				CLANG_ANALYZER_NONNULL = YES;
				CLANG_ANALYZER_NUMBER_OBJECT_CONVERSION = YES_AGGRESSIVE;
				CLANG_CXX_LANGUAGE_STANDARD = "gnu++20";
				CLANG_ENABLE_MODULES = YES;
				CLANG_ENABLE_OBJC_ARC = YES;
				CLANG_ENABLE_OBJC_WEAK = YES;
				CLANG_WARN_BLOCK_CAPTURE_AUTORELEASING = YES;
				CLANG_WARN_BOOL_CONVERSION = YES;
				CLANG_WARN_COMMA = YES;
				CLANG_WARN_CONSTANT_CONVERSION = YES;
				CLANG_WARN_DEPRECATED_OBJC_IMPLEMENTATIONS = YES;
				CLANG_WARN_DIRECT_OBJC_ISA_USAGE = YES_ERROR;
				CLANG_WARN_DOCUMENTATION_COMMENTS = YES;
				CLANG_WARN_EMPTY_BODY = YES;
				CLANG_WARN_ENUM_CONVERSION = YES;
				CLANG_WARN_INFINITE_RECURSION = YES;
				CLANG_WARN_INT_CONVERSION = YES;
				CLANG_WARN_NON_LITERAL_NULL_CONVERSION = YES;
				CLANG_WARN_OBJC_IMPLICIT_RETAIN_SELF = YES;
				CLANG_WARN_OBJC_LITERAL_CONVERSION = YES;
				CLANG_WARN_OBJC_ROOT_CLASS = YES_ERROR;
				CLANG_WARN_QUOTED_INCLUDE_IN_FRAMEWORK_HEADER = YES;
				CLANG_WARN_RANGE_LOOP_ANALYSIS = YES;
				CLANG_WARN_STRICT_PROTOTYPES = YES;
				CLANG_WARN_SUSPICIOUS_MOVE = YES;
				CLANG_WARN_UNGUARDED_AVAILABILITY = YES_AGGRESSIVE;
				CLANG_WARN_UNREACHABLE_CODE = YES;
				CLANG_WARN__DUPLICATE_METHOD_MATCH = YES;
				COPY_PHASE_STRIP = NO;
				DEBUG_INFORMATION_FORMAT = dwarf;
				ENABLE_STRICT_OBJC_MSGSEND = YES;
				ENABLE_TESTABILITY = YES;
				ENABLE_USER_SCRIPT_SANDBOXING = YES;
				GCC_C_LANGUAGE_STANDARD = gnu17;
				GCC_DYNAMIC_NO_PIC = NO;
				GCC_NO_COMMON_BLOCKS = YES;
				GCC_OPTIMIZATION_LEVEL = 0;
				GCC_PREPROCESSOR_DEFINITIONS = (
					"DEBUG=1",
					"$(inherited)",
				);
				GCC_WARN_64_TO_32_BIT_CONVERSION = YES;
				GCC_WARN_ABOUT_RETURN_TYPE = YES_ERROR;
				GCC_WARN_UNDECLARED_SELECTOR = YES;
				GCC_WARN_UNINITIALIZED_AUTOS = YES_AGGRESSIVE;
				GCC_WARN_UNUSED_FUNCTION = YES;
				GCC_WARN_UNUSED_VARIABLE = YES;
				IPHONEOS_DEPLOYMENT_TARGET = 17.5;
				LOCALIZATION_PREFERS_STRING_CATALOGS = YES;
				MTL_ENABLE_DEBUG_INFO = INCLUDE_SOURCE;
				MTL_FAST_MATH = YES;
				ONLY_ACTIVE_ARCH = YES;
				SDKROOT = iphoneos;
				SWIFT_ACTIVE_COMPILATION_CONDITIONS = "DEBUG $(inherited)";
				SWIFT_OPTIMIZATION_LEVEL = "-Onone";
			};
			name = Debug;
		};
		A934EC9C2C2F1434000D9BA3 /* Release */ = {
			isa = XCBuildConfiguration;
			buildSettings = {
				ALWAYS_SEARCH_USER_PATHS = NO;
				ASSETCATALOG_COMPILER_GENERATE_SWIFT_ASSET_SYMBOL_EXTENSIONS = YES;
				CLANG_ANALYZER_NONNULL = YES;
				CLANG_ANALYZER_NUMBER_OBJECT_CONVERSION = YES_AGGRESSIVE;
				CLANG_CXX_LANGUAGE_STANDARD = "gnu++20";
				CLANG_ENABLE_MODULES = YES;
				CLANG_ENABLE_OBJC_ARC = YES;
				CLANG_ENABLE_OBJC_WEAK = YES;
				CLANG_WARN_BLOCK_CAPTURE_AUTORELEASING = YES;
				CLANG_WARN_BOOL_CONVERSION = YES;
				CLANG_WARN_COMMA = YES;
				CLANG_WARN_CONSTANT_CONVERSION = YES;
				CLANG_WARN_DEPRECATED_OBJC_IMPLEMENTATIONS = YES;
				CLANG_WARN_DIRECT_OBJC_ISA_USAGE = YES_ERROR;
				CLANG_WARN_DOCUMENTATION_COMMENTS = YES;
				CLANG_WARN_EMPTY_BODY = YES;
				CLANG_WARN_ENUM_CONVERSION = YES;
				CLANG_WARN_INFINITE_RECURSION = YES;
				CLANG_WARN_INT_CONVERSION = YES;
				CLANG_WARN_NON_LITERAL_NULL_CONVERSION = YES;
				CLANG_WARN_OBJC_IMPLICIT_RETAIN_SELF = YES;
				CLANG_WARN_OBJC_LITERAL_CONVERSION = YES;
				CLANG_WARN_OBJC_ROOT_CLASS = YES_ERROR;
				CLANG_WARN_QUOTED_INCLUDE_IN_FRAMEWORK_HEADER = YES;
				CLANG_WARN_RANGE_LOOP_ANALYSIS = YES;
				CLANG_WARN_STRICT_PROTOTYPES = YES;
				CLANG_WARN_SUSPICIOUS_MOVE = YES;
				CLANG_WARN_UNGUARDED_AVAILABILITY = YES_AGGRESSIVE;
				CLANG_WARN_UNREACHABLE_CODE = YES;
				CLANG_WARN__DUPLICATE_METHOD_MATCH = YES;
				COPY_PHASE_STRIP = NO;
				DEBUG_INFORMATION_FORMAT = "dwarf-with-dsym";
				ENABLE_NS_ASSERTIONS = NO;
				ENABLE_STRICT_OBJC_MSGSEND = YES;
				ENABLE_USER_SCRIPT_SANDBOXING = YES;
				GCC_C_LANGUAGE_STANDARD = gnu17;
				GCC_NO_COMMON_BLOCKS = YES;
				GCC_WARN_64_TO_32_BIT_CONVERSION = YES;
				GCC_WARN_ABOUT_RETURN_TYPE = YES_ERROR;
				GCC_WARN_UNDECLARED_SELECTOR = YES;
				GCC_WARN_UNINITIALIZED_AUTOS = YES_AGGRESSIVE;
				GCC_WARN_UNUSED_FUNCTION = YES;
				GCC_WARN_UNUSED_VARIABLE = YES;
				IPHONEOS_DEPLOYMENT_TARGET = 17.5;
				LOCALIZATION_PREFERS_STRING_CATALOGS = YES;
				MTL_ENABLE_DEBUG_INFO = NO;
				MTL_FAST_MATH = YES;
				SDKROOT = iphoneos;
				SWIFT_COMPILATION_MODE = wholemodule;
				VALIDATE_PRODUCT = YES;
			};
			name = Release;
		};
		A934EC9E2C2F1434000D9BA3 /* Debug */ = {
			isa = XCBuildConfiguration;
			buildSettings = {
				ASSETCATALOG_COMPILER_APPICON_NAME = AppIcon;
				ASSETCATALOG_COMPILER_GLOBAL_ACCENT_COLOR_NAME = AccentColor;
				CODE_SIGN_STYLE = Automatic;
				CURRENT_PROJECT_VERSION = 1;
				DEVELOPMENT_ASSET_PATHS = "\"serenedipity-0/Preview Content\"";
				ENABLE_PREVIEWS = YES;
				GENERATE_INFOPLIST_FILE = YES;
				INFOPLIST_KEY_LSApplicationCategoryType = "";
				INFOPLIST_KEY_NSCameraUsageDescription = "Capture serendipitious moments";
				INFOPLIST_KEY_UIApplicationSceneManifest_Generation = YES;
				INFOPLIST_KEY_UIApplicationSupportsIndirectInputEvents = YES;
				INFOPLIST_KEY_UILaunchScreen_Generation = YES;
				INFOPLIST_KEY_UISupportedInterfaceOrientations_iPad = "UIInterfaceOrientationPortrait UIInterfaceOrientationPortraitUpsideDown UIInterfaceOrientationLandscapeLeft UIInterfaceOrientationLandscapeRight";
				INFOPLIST_KEY_UISupportedInterfaceOrientations_iPhone = "UIInterfaceOrientationPortrait UIInterfaceOrientationLandscapeLeft UIInterfaceOrientationLandscapeRight";
				LD_RUNPATH_SEARCH_PATHS = (
					"$(inherited)",
					"@executable_path/Frameworks",
				);
				MARKETING_VERSION = 1.0;
				PRODUCT_BUNDLE_IDENTIFIER = "zkzhu.serenedipity-0";
				PRODUCT_NAME = "$(TARGET_NAME)";
				SWIFT_EMIT_LOC_STRINGS = YES;
				SWIFT_VERSION = 5.0;
				TARGETED_DEVICE_FAMILY = "1,2";
			};
			name = Debug;
		};
		A934EC9F2C2F1434000D9BA3 /* Release */ = {
			isa = XCBuildConfiguration;
			buildSettings = {
				ASSETCATALOG_COMPILER_APPICON_NAME = AppIcon;
				ASSETCATALOG_COMPILER_GLOBAL_ACCENT_COLOR_NAME = AccentColor;
				CODE_SIGN_STYLE = Automatic;
				CURRENT_PROJECT_VERSION = 1;
				DEVELOPMENT_ASSET_PATHS = "\"serenedipity-0/Preview Content\"";
				ENABLE_PREVIEWS = YES;
				GENERATE_INFOPLIST_FILE = YES;
				INFOPLIST_KEY_LSApplicationCategoryType = "";
				INFOPLIST_KEY_NSCameraUsageDescription = "Capture serendipitious moments";
				INFOPLIST_KEY_UIApplicationSceneManifest_Generation = YES;
				INFOPLIST_KEY_UIApplicationSupportsIndirectInputEvents = YES;
				INFOPLIST_KEY_UILaunchScreen_Generation = YES;
				INFOPLIST_KEY_UISupportedInterfaceOrientations_iPad = "UIInterfaceOrientationPortrait UIInterfaceOrientationPortraitUpsideDown UIInterfaceOrientationLandscapeLeft UIInterfaceOrientationLandscapeRight";
				INFOPLIST_KEY_UISupportedInterfaceOrientations_iPhone = "UIInterfaceOrientationPortrait UIInterfaceOrientationLandscapeLeft UIInterfaceOrientationLandscapeRight";
				LD_RUNPATH_SEARCH_PATHS = (
					"$(inherited)",
					"@executable_path/Frameworks",
				);
				MARKETING_VERSION = 1.0;
				PRODUCT_BUNDLE_IDENTIFIER = "zkzhu.serenedipity-0";
				PRODUCT_NAME = "$(TARGET_NAME)";
				SWIFT_EMIT_LOC_STRINGS = YES;
				SWIFT_VERSION = 5.0;
				TARGETED_DEVICE_FAMILY = "1,2";
			};
			name = Release;
		};
/* End XCBuildConfiguration section */

/* Begin XCConfigurationList section */
		A934EC8A2C2F1432000D9BA3 /* Build configuration list for PBXProject "serenedipity-0" */ = {
			isa = XCConfigurationList;
			buildConfigurations = (
				A934EC9B2C2F1434000D9BA3 /* Debug */,
				A934EC9C2C2F1434000D9BA3 /* Release */,
			);
			defaultConfigurationIsVisible = 0;
			defaultConfigurationName = Release;
		};
		A934EC9D2C2F1434000D9BA3 /* Build configuration list for PBXNativeTarget "serenedipity-0" */ = {
			isa = XCConfigurationList;
			buildConfigurations = (
				A934EC9E2C2F1434000D9BA3 /* Debug */,
				A934EC9F2C2F1434000D9BA3 /* Release */,
			);
			defaultConfigurationIsVisible = 0;
			defaultConfigurationName = Release;
		};
/* End XCConfigurationList section */
	};
	rootObject = A934EC872C2F1432000D9BA3 /* Project object */;
}
